PODS:
  - DVR (2.0.0)
  - SAMKeychain (1.5.3)

DEPENDENCIES:
  - DVR
  - SAMKeychain

SPEC REPOS:
  trunk:
    - DVR
    - SAMKeychain

SPEC CHECKSUMS:
  DVR: 062c287b9dc613a84120e44640176e4ef3ecf943
  SAMKeychain: 483e1c9f32984d50ca961e26818a534283b4cd5c

PODFILE CHECKSUM: 6ce291ef5eb8e282e4a60dab177e509bc0c5ab9d

COCOAPODS: 1.8.4
