// !$*UTF8*$!
{
	archiveVersion = 1;
	classes = {
	};
	objectVersion = 51;
	objects = {

/* Begin PBXBuildFile section */
		6C112495235B742900D8FAA4 /* UIImage+Base64.swift in Sources */ = {isa = PBXBuildFile; fileRef = 6C112494235B742900D8FAA4 /* UIImage+Base64.swift */; };
		6C1151B123899CF40047F423 /* IndexService.swift in Sources */ = {isa = PBXBuildFile; fileRef = 6C1151B023899CF40047F423 /* IndexService.swift */; };
		6C1151B323899F090047F423 /* PreviewView.swift in Sources */ = {isa = PBXBuildFile; fileRef = 6C1151B223899F090047F423 /* PreviewView.swift */; };
		6C1151B52389A2530047F423 /* NotificationKeys.swift in Sources */ = {isa = PBXBuildFile; fileRef = 6C1151B42389A2530047F423 /* NotificationKeys.swift */; };
		6C1151B82389A2940047F423 /* CheckSum.m in Sources */ = {isa = PBXBuildFile; fileRef = 6C1151B72389A2940047F423 /* CheckSum.m */; };
		6C1DC80C23516554001E8065 /* Account.swift in Sources */ = {isa = PBXBuildFile; fileRef = 6C1DC80B23516554001E8065 /* Account.swift */; };
		6C1DC80E2351656A001E8065 /* Post.swift in Sources */ = {isa = PBXBuildFile; fileRef = 6C1DC80D2351656A001E8065 /* Post.swift */; };
		6C1DC811235165A8001E8065 /* Client.swift in Sources */ = {isa = PBXBuildFile; fileRef = 6C1DC810235165A8001E8065 /* Client.swift */; };
		6C1DC813235165C4001E8065 /* StatusCode.swift in Sources */ = {isa = PBXBuildFile; fileRef = 6C1DC812235165C4001E8065 /* StatusCode.swift */; };
		6C1DC815235165E8001E8065 /* HttpResponse.swift in Sources */ = {isa = PBXBuildFile; fileRef = 6C1DC814235165E8001E8065 /* HttpResponse.swift */; };
		6C1DC81723516603001E8065 /* RequestBuilder.swift in Sources */ = {isa = PBXBuildFile; fileRef = 6C1DC81623516603001E8065 /* RequestBuilder.swift */; };
		6C1DC81B23516649001E8065 /* RestClient.swift in Sources */ = {isa = PBXBuildFile; fileRef = 6C1DC81A23516649001E8065 /* RestClient.swift */; };
		6C1DC81D2351666C001E8065 /* CodableSerializer.swift in Sources */ = {isa = PBXBuildFile; fileRef = 6C1DC81C2351666C001E8065 /* CodableSerializer.swift */; };
		6C1DC82123516748001E8065 /* RestClientTest.swift in Sources */ = {isa = PBXBuildFile; fileRef = 6C1DC82023516748001E8065 /* RestClientTest.swift */; };
		6C1DC8242351679B001E8065 /* posts.successful.json in Resources */ = {isa = PBXBuildFile; fileRef = 6C1DC8232351679B001E8065 /* posts.successful.json */; };
		6C1DC826235167A4001E8065 /* show_post.successful.json in Resources */ = {isa = PBXBuildFile; fileRef = 6C1DC825235167A4001E8065 /* show_post.successful.json */; };
		6C1DC82C23523BB9001E8065 /* ShowPostViewController.swift in Sources */ = {isa = PBXBuildFile; fileRef = 6C1DC82A23523BB9001E8065 /* ShowPostViewController.swift */; };
		6C1DC82D23523BB9001E8065 /* ShowPostViewController.xib in Resources */ = {isa = PBXBuildFile; fileRef = 6C1DC82B23523BB9001E8065 /* ShowPostViewController.xib */; };
		6C1DC82F23524732001E8065 /* AuthorView.swift in Sources */ = {isa = PBXBuildFile; fileRef = 6C1DC82E23524732001E8065 /* AuthorView.swift */; };
		6C307327235A78350063C3C5 /* PostsViewController.swift in Sources */ = {isa = PBXBuildFile; fileRef = 6C307326235A78350063C3C5 /* PostsViewController.swift */; };
		6C30732A235A83A40063C3C5 /* PostCollectionViewCell.swift in Sources */ = {isa = PBXBuildFile; fileRef = 6C307328235A83A40063C3C5 /* PostCollectionViewCell.swift */; };
		6C30732B235A83A40063C3C5 /* PostCollectionViewCell.xib in Resources */ = {isa = PBXBuildFile; fileRef = 6C307329235A83A40063C3C5 /* PostCollectionViewCell.xib */; };
		6C30732D235AA3730063C3C5 /* UIDevice+models.swift in Sources */ = {isa = PBXBuildFile; fileRef = 6C30732C235AA3730063C3C5 /* UIDevice+models.swift */; };
		6C5656552358DB9D00460C1E /* Author.swift in Sources */ = {isa = PBXBuildFile; fileRef = 6C5656542358DB9D00460C1E /* Author.swift */; };
		6C5656572358DBAB00460C1E /* Comment.swift in Sources */ = {isa = PBXBuildFile; fileRef = 6C5656562358DBAB00460C1E /* Comment.swift */; };
		6C5656592358DBB800460C1E /* Like.swift in Sources */ = {isa = PBXBuildFile; fileRef = 6C5656582358DBB800460C1E /* Like.swift */; };
		6C5F57952348203100488E96 /* Credentials.swift in Sources */ = {isa = PBXBuildFile; fileRef = 6C5F57942348203100488E96 /* Credentials.swift */; };
		6C5F579A234827B200488E96 /* PostViewController.swift in Sources */ = {isa = PBXBuildFile; fileRef = 6C5F5799234827B200488E96 /* PostViewController.swift */; };
		6C89EB1923772E6500CC903B /* CacheImage.swift in Sources */ = {isa = PBXBuildFile; fileRef = 6C89EB1823772E6500CC903B /* CacheImage.swift */; };
		6C89EB1B23772E8200CC903B /* DataContainer.swift in Sources */ = {isa = PBXBuildFile; fileRef = 6C89EB1A23772E8200CC903B /* DataContainer.swift */; };
		6C89EB1D23772EB700CC903B /* ImageStore.swift in Sources */ = {isa = PBXBuildFile; fileRef = 6C89EB1C23772EB700CC903B /* ImageStore.swift */; };
		6C89EB1F23772EEC00CC903B /* StorageType.swift in Sources */ = {isa = PBXBuildFile; fileRef = 6C89EB1E23772EEC00CC903B /* StorageType.swift */; };
		6CB97272235B6B5D0052BDB2 /* CameraViewController.swift in Sources */ = {isa = PBXBuildFile; fileRef = 6CB97271235B6B5D0052BDB2 /* CameraViewController.swift */; };
		6CD0F05C23771FD000D5874B /* CreatePostService.swift in Sources */ = {isa = PBXBuildFile; fileRef = 6CD0F05B23771FD000D5874B /* CreatePostService.swift */; };
		7701BEB1233F1B1B0004C30D /* AppDelegate.swift in Sources */ = {isa = PBXBuildFile; fileRef = 7701BEB0233F1B1B0004C30D /* AppDelegate.swift */; };
		7701BEB6233F1B1B0004C30D /* Main.storyboard in Resources */ = {isa = PBXBuildFile; fileRef = 7701BEB4233F1B1B0004C30D /* Main.storyboard */; };
		7701BEB8233F1B1C0004C30D /* Assets.xcassets in Resources */ = {isa = PBXBuildFile; fileRef = 7701BEB7233F1B1C0004C30D /* Assets.xcassets */; };
		7701BEBB233F1B1C0004C30D /* LaunchScreen.storyboard in Resources */ = {isa = PBXBuildFile; fileRef = 7701BEB9233F1B1C0004C30D /* LaunchScreen.storyboard */; };
		7701BEC6233F1B1C0004C30D /* RequestBuilderTest.swift in Sources */ = {isa = PBXBuildFile; fileRef = 7701BEC5233F1B1C0004C30D /* RequestBuilderTest.swift */; };
		8C19C2964BDDB876DC23EA18 /* Pods_Fakestagram_Xcode10.framework in Frameworks */ = {isa = PBXBuildFile; fileRef = 6487BC4A6C894AC3FCB0A8B6 /* Pods_Fakestagram_Xcode10.framework */; };
		F4237714DC7ABD4F0CAE565D /* Pods_Fakestagram_Xcode10Tests.framework in Frameworks */ = {isa = PBXBuildFile; fileRef = 7B8A339C8EBE3992A9E89CAF /* Pods_Fakestagram_Xcode10Tests.framework */; };
/* End PBXBuildFile section */

/* Begin PBXContainerItemProxy section */
		7701BEC2233F1B1C0004C30D /* PBXContainerItemProxy */ = {
			isa = PBXContainerItemProxy;
			containerPortal = 7701BEA5233F1B1B0004C30D /* Project object */;
			proxyType = 1;
			remoteGlobalIDString = 7701BEAC233F1B1B0004C30D;
			remoteInfo = "Fakestagram-Xcode10";
		};
/* End PBXContainerItemProxy section */

/* Begin PBXFileReference section */
		46A679CEAFBC334DF6FC73B9 /* Pods-Fakestagram-Xcode10.debug.xcconfig */ = {isa = PBXFileReference; includeInIndex = 1; lastKnownFileType = text.xcconfig; name = "Pods-Fakestagram-Xcode10.debug.xcconfig"; path = "Target Support Files/Pods-Fakestagram-Xcode10/Pods-Fakestagram-Xcode10.debug.xcconfig"; sourceTree = "<group>"; };
		6487BC4A6C894AC3FCB0A8B6 /* Pods_Fakestagram_Xcode10.framework */ = {isa = PBXFileReference; explicitFileType = wrapper.framework; includeInIndex = 0; path = Pods_Fakestagram_Xcode10.framework; sourceTree = BUILT_PRODUCTS_DIR; };
		6C112494235B742900D8FAA4 /* UIImage+Base64.swift */ = {isa = PBXFileReference; lastKnownFileType = sourcecode.swift; path = "UIImage+Base64.swift"; sourceTree = "<group>"; };
		6C1151B023899CF40047F423 /* IndexService.swift */ = {isa = PBXFileReference; lastKnownFileType = sourcecode.swift; path = IndexService.swift; sourceTree = "<group>"; };
		6C1151B223899F090047F423 /* PreviewView.swift */ = {isa = PBXFileReference; lastKnownFileType = sourcecode.swift; path = PreviewView.swift; sourceTree = "<group>"; };
		6C1151B42389A2530047F423 /* NotificationKeys.swift */ = {isa = PBXFileReference; lastKnownFileType = sourcecode.swift; path = NotificationKeys.swift; sourceTree = "<group>"; };
		6C1151B62389A2930047F423 /* Fakestagram-Xcode10-Bridging-Header.h */ = {isa = PBXFileReference; lastKnownFileType = sourcecode.c.h; path = "Fakestagram-Xcode10-Bridging-Header.h"; sourceTree = "<group>"; };
		6C1151B72389A2940047F423 /* CheckSum.m */ = {isa = PBXFileReference; lastKnownFileType = sourcecode.c.objc; path = CheckSum.m; sourceTree = "<group>"; };
		6C1151B92389A2BD0047F423 /* CheckSum.h */ = {isa = PBXFileReference; lastKnownFileType = sourcecode.c.h; path = CheckSum.h; sourceTree = "<group>"; };
		6C1DC80B23516554001E8065 /* Account.swift */ = {isa = PBXFileReference; lastKnownFileType = sourcecode.swift; path = Account.swift; sourceTree = "<group>"; };
		6C1DC80D2351656A001E8065 /* Post.swift */ = {isa = PBXFileReference; lastKnownFileType = sourcecode.swift; path = Post.swift; sourceTree = "<group>"; };
		6C1DC810235165A8001E8065 /* Client.swift */ = {isa = PBXFileReference; lastKnownFileType = sourcecode.swift; path = Client.swift; sourceTree = "<group>"; };
		6C1DC812235165C4001E8065 /* StatusCode.swift */ = {isa = PBXFileReference; lastKnownFileType = sourcecode.swift; path = StatusCode.swift; sourceTree = "<group>"; };
		6C1DC814235165E8001E8065 /* HttpResponse.swift */ = {isa = PBXFileReference; lastKnownFileType = sourcecode.swift; path = HttpResponse.swift; sourceTree = "<group>"; };
		6C1DC81623516603001E8065 /* RequestBuilder.swift */ = {isa = PBXFileReference; lastKnownFileType = sourcecode.swift; path = RequestBuilder.swift; sourceTree = "<group>"; };
		6C1DC81A23516649001E8065 /* RestClient.swift */ = {isa = PBXFileReference; lastKnownFileType = sourcecode.swift; path = RestClient.swift; sourceTree = "<group>"; };
		6C1DC81C2351666C001E8065 /* CodableSerializer.swift */ = {isa = PBXFileReference; lastKnownFileType = sourcecode.swift; path = CodableSerializer.swift; sourceTree = "<group>"; };
		6C1DC82023516748001E8065 /* RestClientTest.swift */ = {isa = PBXFileReference; lastKnownFileType = sourcecode.swift; path = RestClientTest.swift; sourceTree = "<group>"; };
		6C1DC8232351679B001E8065 /* posts.successful.json */ = {isa = PBXFileReference; fileEncoding = 4; lastKnownFileType = text.json; path = posts.successful.json; sourceTree = "<group>"; };
		6C1DC825235167A4001E8065 /* show_post.successful.json */ = {isa = PBXFileReference; fileEncoding = 4; lastKnownFileType = text.json; path = show_post.successful.json; sourceTree = "<group>"; };
		6C1DC82A23523BB9001E8065 /* ShowPostViewController.swift */ = {isa = PBXFileReference; lastKnownFileType = sourcecode.swift; path = ShowPostViewController.swift; sourceTree = "<group>"; };
		6C1DC82B23523BB9001E8065 /* ShowPostViewController.xib */ = {isa = PBXFileReference; lastKnownFileType = file.xib; path = ShowPostViewController.xib; sourceTree = "<group>"; };
		6C1DC82E23524732001E8065 /* AuthorView.swift */ = {isa = PBXFileReference; lastKnownFileType = sourcecode.swift; path = AuthorView.swift; sourceTree = "<group>"; };
		6C307326235A78350063C3C5 /* PostsViewController.swift */ = {isa = PBXFileReference; lastKnownFileType = sourcecode.swift; path = PostsViewController.swift; sourceTree = "<group>"; };
		6C307328235A83A40063C3C5 /* PostCollectionViewCell.swift */ = {isa = PBXFileReference; lastKnownFileType = sourcecode.swift; path = PostCollectionViewCell.swift; sourceTree = "<group>"; };
		6C307329235A83A40063C3C5 /* PostCollectionViewCell.xib */ = {isa = PBXFileReference; lastKnownFileType = file.xib; path = PostCollectionViewCell.xib; sourceTree = "<group>"; };
		6C30732C235AA3730063C3C5 /* UIDevice+models.swift */ = {isa = PBXFileReference; lastKnownFileType = sourcecode.swift; path = "UIDevice+models.swift"; sourceTree = "<group>"; };
		6C5656542358DB9D00460C1E /* Author.swift */ = {isa = PBXFileReference; lastKnownFileType = sourcecode.swift; path = Author.swift; sourceTree = "<group>"; };
		6C5656562358DBAB00460C1E /* Comment.swift */ = {isa = PBXFileReference; lastKnownFileType = sourcecode.swift; path = Comment.swift; sourceTree = "<group>"; };
		6C5656582358DBB800460C1E /* Like.swift */ = {isa = PBXFileReference; lastKnownFileType = sourcecode.swift; path = Like.swift; sourceTree = "<group>"; };
		6C5F57942348203100488E96 /* Credentials.swift */ = {isa = PBXFileReference; lastKnownFileType = sourcecode.swift; path = Credentials.swift; sourceTree = "<group>"; };
		6C5F5799234827B200488E96 /* PostViewController.swift */ = {isa = PBXFileReference; lastKnownFileType = sourcecode.swift; path = PostViewController.swift; sourceTree = "<group>"; };
		6C89EB1823772E6500CC903B /* CacheImage.swift */ = {isa = PBXFileReference; lastKnownFileType = sourcecode.swift; path = CacheImage.swift; sourceTree = "<group>"; };
		6C89EB1A23772E8200CC903B /* DataContainer.swift */ = {isa = PBXFileReference; lastKnownFileType = sourcecode.swift; path = DataContainer.swift; sourceTree = "<group>"; };
		6C89EB1C23772EB700CC903B /* ImageStore.swift */ = {isa = PBXFileReference; lastKnownFileType = sourcecode.swift; path = ImageStore.swift; sourceTree = "<group>"; };
		6C89EB1E23772EEC00CC903B /* StorageType.swift */ = {isa = PBXFileReference; lastKnownFileType = sourcecode.swift; path = StorageType.swift; sourceTree = "<group>"; };
		6CB97271235B6B5D0052BDB2 /* CameraViewController.swift */ = {isa = PBXFileReference; lastKnownFileType = sourcecode.swift; path = CameraViewController.swift; sourceTree = "<group>"; };
		6CD0F05B23771FD000D5874B /* CreatePostService.swift */ = {isa = PBXFileReference; lastKnownFileType = sourcecode.swift; path = CreatePostService.swift; sourceTree = "<group>"; };
		7701BEAD233F1B1B0004C30D /* Fakestagram-Xcode10.app */ = {isa = PBXFileReference; explicitFileType = wrapper.application; includeInIndex = 0; path = "Fakestagram-Xcode10.app"; sourceTree = BUILT_PRODUCTS_DIR; };
		7701BEB0233F1B1B0004C30D /* AppDelegate.swift */ = {isa = PBXFileReference; lastKnownFileType = sourcecode.swift; path = AppDelegate.swift; sourceTree = "<group>"; };
		7701BEB5233F1B1B0004C30D /* Base */ = {isa = PBXFileReference; lastKnownFileType = file.storyboard; name = Base; path = Base.lproj/Main.storyboard; sourceTree = "<group>"; };
		7701BEB7233F1B1C0004C30D /* Assets.xcassets */ = {isa = PBXFileReference; lastKnownFileType = folder.assetcatalog; path = Assets.xcassets; sourceTree = "<group>"; };
		7701BEBA233F1B1C0004C30D /* Base */ = {isa = PBXFileReference; lastKnownFileType = file.storyboard; name = Base; path = Base.lproj/LaunchScreen.storyboard; sourceTree = "<group>"; };
		7701BEBC233F1B1C0004C30D /* Info.plist */ = {isa = PBXFileReference; lastKnownFileType = text.plist.xml; path = Info.plist; sourceTree = "<group>"; };
		7701BEC1233F1B1C0004C30D /* Fakestagram-Xcode10Tests.xctest */ = {isa = PBXFileReference; explicitFileType = wrapper.cfbundle; includeInIndex = 0; path = "Fakestagram-Xcode10Tests.xctest"; sourceTree = BUILT_PRODUCTS_DIR; };
		7701BEC5233F1B1C0004C30D /* RequestBuilderTest.swift */ = {isa = PBXFileReference; lastKnownFileType = sourcecode.swift; path = RequestBuilderTest.swift; sourceTree = "<group>"; };
		7701BEC7233F1B1C0004C30D /* Info.plist */ = {isa = PBXFileReference; lastKnownFileType = text.plist.xml; path = Info.plist; sourceTree = "<group>"; };
		7B8A339C8EBE3992A9E89CAF /* Pods_Fakestagram_Xcode10Tests.framework */ = {isa = PBXFileReference; explicitFileType = wrapper.framework; includeInIndex = 0; path = Pods_Fakestagram_Xcode10Tests.framework; sourceTree = BUILT_PRODUCTS_DIR; };
		82459500856F6D726FFB5B8E /* Pods-Fakestagram-Xcode10Tests.release.xcconfig */ = {isa = PBXFileReference; includeInIndex = 1; lastKnownFileType = text.xcconfig; name = "Pods-Fakestagram-Xcode10Tests.release.xcconfig"; path = "Target Support Files/Pods-Fakestagram-Xcode10Tests/Pods-Fakestagram-Xcode10Tests.release.xcconfig"; sourceTree = "<group>"; };
		D65BF6830E7358A7FE742F2E /* Pods-Fakestagram-Xcode10.release.xcconfig */ = {isa = PBXFileReference; includeInIndex = 1; lastKnownFileType = text.xcconfig; name = "Pods-Fakestagram-Xcode10.release.xcconfig"; path = "Target Support Files/Pods-Fakestagram-Xcode10/Pods-Fakestagram-Xcode10.release.xcconfig"; sourceTree = "<group>"; };
		DDB3C91F541254DDBC4C4837 /* Pods-Fakestagram-Xcode10Tests.debug.xcconfig */ = {isa = PBXFileReference; includeInIndex = 1; lastKnownFileType = text.xcconfig; name = "Pods-Fakestagram-Xcode10Tests.debug.xcconfig"; path = "Target Support Files/Pods-Fakestagram-Xcode10Tests/Pods-Fakestagram-Xcode10Tests.debug.xcconfig"; sourceTree = "<group>"; };
/* End PBXFileReference section */

/* Begin PBXFrameworksBuildPhase section */
		7701BEAA233F1B1B0004C30D /* Frameworks */ = {
			isa = PBXFrameworksBuildPhase;
			buildActionMask = 2147483647;
			files = (
				8C19C2964BDDB876DC23EA18 /* Pods_Fakestagram_Xcode10.framework in Frameworks */,
			);
			runOnlyForDeploymentPostprocessing = 0;
		};
		7701BEBE233F1B1C0004C30D /* Frameworks */ = {
			isa = PBXFrameworksBuildPhase;
			buildActionMask = 2147483647;
			files = (
				F4237714DC7ABD4F0CAE565D /* Pods_Fakestagram_Xcode10Tests.framework in Frameworks */,
			);
			runOnlyForDeploymentPostprocessing = 0;
		};
/* End PBXFrameworksBuildPhase section */

/* Begin PBXGroup section */
		5EFFB008226502BDA349466F /* Frameworks */ = {
			isa = PBXGroup;
			children = (
				6487BC4A6C894AC3FCB0A8B6 /* Pods_Fakestagram_Xcode10.framework */,
				7B8A339C8EBE3992A9E89CAF /* Pods_Fakestagram_Xcode10Tests.framework */,
			);
			name = Frameworks;
			sourceTree = "<group>";
		};
		6C112496235B7C3200D8FAA4 /* ViewControllers */ = {
			isa = PBXGroup;
			children = (
				6C307326235A78350063C3C5 /* PostsViewController.swift */,
				6C5F5799234827B200488E96 /* PostViewController.swift */,
				6CB97271235B6B5D0052BDB2 /* CameraViewController.swift */,
			);
			path = ViewControllers;
			sourceTree = "<group>";
		};
		6C112497235B7CE000D8FAA4 /* Utils */ = {
			isa = PBXGroup;
			children = (
				6C5F57942348203100488E96 /* Credentials.swift */,
				6C30732C235AA3730063C3C5 /* UIDevice+models.swift */,
				6C112494235B742900D8FAA4 /* UIImage+Base64.swift */,
				6C1151B42389A2530047F423 /* NotificationKeys.swift */,
			);
			path = Utils;
			sourceTree = "<group>";
		};
		6C1DC80A2351653E001E8065 /* Models */ = {
			isa = PBXGroup;
			children = (
				6C1DC80B23516554001E8065 /* Account.swift */,
				6C1DC80D2351656A001E8065 /* Post.swift */,
				6C5656542358DB9D00460C1E /* Author.swift */,
				6C5656562358DBAB00460C1E /* Comment.swift */,
				6C5656582358DBB800460C1E /* Like.swift */,
			);
			path = Models;
			sourceTree = "<group>";
		};
		6C1DC80F2351658F001E8065 /* Network */ = {
			isa = PBXGroup;
			children = (
				6C1DC810235165A8001E8065 /* Client.swift */,
				6C1DC812235165C4001E8065 /* StatusCode.swift */,
				6C1DC814235165E8001E8065 /* HttpResponse.swift */,
				6C1DC81623516603001E8065 /* RequestBuilder.swift */,
			);
			path = Network;
			sourceTree = "<group>";
		};
		6C1DC82223516768001E8065 /* casettes */ = {
			isa = PBXGroup;
			children = (
				6C1DC825235167A4001E8065 /* show_post.successful.json */,
				6C1DC8232351679B001E8065 /* posts.successful.json */,
			);
			path = casettes;
			sourceTree = "<group>";
		};
		6C1DC82723523B6C001E8065 /* Views */ = {
			isa = PBXGroup;
			children = (
				6C1151B223899F090047F423 /* PreviewView.swift */,
				6C307328235A83A40063C3C5 /* PostCollectionViewCell.swift */,
				6C307329235A83A40063C3C5 /* PostCollectionViewCell.xib */,
				6C1DC82A23523BB9001E8065 /* ShowPostViewController.swift */,
				6C1DC82B23523BB9001E8065 /* ShowPostViewController.xib */,
				6C1DC82E23524732001E8065 /* AuthorView.swift */,
			);
			path = Views;
			sourceTree = "<group>";
		};
		6C5F57962348206000488E96 /* DataSource */ = {
			isa = PBXGroup;
			children = (
				6C1DC81A23516649001E8065 /* RestClient.swift */,
				6C1DC81C2351666C001E8065 /* CodableSerializer.swift */,
				6C89EB1823772E6500CC903B /* CacheImage.swift */,
				6C89EB1C23772EB700CC903B /* ImageStore.swift */,
				6C89EB1A23772E8200CC903B /* DataContainer.swift */,
				6C89EB1E23772EEC00CC903B /* StorageType.swift */,
			);
			path = DataSource;
			sourceTree = "<group>";
		};
		6CD0F05A23771FBB00D5874B /* Services */ = {
			isa = PBXGroup;
			children = (
				6CD0F05B23771FD000D5874B /* CreatePostService.swift */,
				6C1151B023899CF40047F423 /* IndexService.swift */,
			);
			path = Services;
			sourceTree = "<group>";
		};
		7701BEA4233F1B1B0004C30D = {
			isa = PBXGroup;
			children = (
				7701BEAF233F1B1B0004C30D /* Fakestagram-Xcode10 */,
				7701BEC4233F1B1C0004C30D /* Fakestagram-Xcode10Tests */,
				7701BEAE233F1B1B0004C30D /* Products */,
				83729FB229E462EB988C0ADB /* Pods */,
				5EFFB008226502BDA349466F /* Frameworks */,
			);
			sourceTree = "<group>";
		};
		7701BEAE233F1B1B0004C30D /* Products */ = {
			isa = PBXGroup;
			children = (
				7701BEAD233F1B1B0004C30D /* Fakestagram-Xcode10.app */,
				7701BEC1233F1B1C0004C30D /* Fakestagram-Xcode10Tests.xctest */,
			);
			name = Products;
			sourceTree = "<group>";
		};
		7701BEAF233F1B1B0004C30D /* Fakestagram-Xcode10 */ = {
			isa = PBXGroup;
			children = (
				6CD0F05A23771FBB00D5874B /* Services */,
				6C112496235B7C3200D8FAA4 /* ViewControllers */,
				6C1DC82723523B6C001E8065 /* Views */,
				6C1DC80A2351653E001E8065 /* Models */,
				6C1DC80F2351658F001E8065 /* Network */,
				6C5F57962348206000488E96 /* DataSource */,
				6C112497235B7CE000D8FAA4 /* Utils */,
				7701BEB0233F1B1B0004C30D /* AppDelegate.swift */,
				7701BEB4233F1B1B0004C30D /* Main.storyboard */,
				7701BEB7233F1B1C0004C30D /* Assets.xcassets */,
				7701BEB9233F1B1C0004C30D /* LaunchScreen.storyboard */,
				7701BEBC233F1B1C0004C30D /* Info.plist */,
				6C1151B72389A2940047F423 /* CheckSum.m */,
				6C1151B92389A2BD0047F423 /* CheckSum.h */,
				6C1151B62389A2930047F423 /* Fakestagram-Xcode10-Bridging-Header.h */,
			);
			path = "Fakestagram-Xcode10";
			sourceTree = "<group>";
		};
		7701BEC4233F1B1C0004C30D /* Fakestagram-Xcode10Tests */ = {
			isa = PBXGroup;
			children = (
				6C1DC82223516768001E8065 /* casettes */,
				7701BEC5233F1B1C0004C30D /* RequestBuilderTest.swift */,
				6C1DC82023516748001E8065 /* RestClientTest.swift */,
				7701BEC7233F1B1C0004C30D /* Info.plist */,
			);
			path = "Fakestagram-Xcode10Tests";
			sourceTree = "<group>";
		};
		83729FB229E462EB988C0ADB /* Pods */ = {
			isa = PBXGroup;
			children = (
				46A679CEAFBC334DF6FC73B9 /* Pods-Fakestagram-Xcode10.debug.xcconfig */,
				D65BF6830E7358A7FE742F2E /* Pods-Fakestagram-Xcode10.release.xcconfig */,
				DDB3C91F541254DDBC4C4837 /* Pods-Fakestagram-Xcode10Tests.debug.xcconfig */,
				82459500856F6D726FFB5B8E /* Pods-Fakestagram-Xcode10Tests.release.xcconfig */,
			);
			path = Pods;
			sourceTree = "<group>";
		};
/* End PBXGroup section */

/* Begin PBXNativeTarget section */
		7701BEAC233F1B1B0004C30D /* Fakestagram-Xcode10 */ = {
			isa = PBXNativeTarget;
			buildConfigurationList = 7701BECA233F1B1C0004C30D /* Build configuration list for PBXNativeTarget "Fakestagram-Xcode10" */;
			buildPhases = (
				F25810F70127620E6FEE7713 /* [CP] Check Pods Manifest.lock */,
				7701BEA9233F1B1B0004C30D /* Sources */,
				7701BEAA233F1B1B0004C30D /* Frameworks */,
				7701BEAB233F1B1B0004C30D /* Resources */,
				108B478EEA9893F17439FA36 /* [CP] Embed Pods Frameworks */,
			);
			buildRules = (
			);
			dependencies = (
			);
			name = "Fakestagram-Xcode10";
			productName = "Fakestagram-Xcode10";
			productReference = 7701BEAD233F1B1B0004C30D /* Fakestagram-Xcode10.app */;
			productType = "com.apple.product-type.application";
		};
		7701BEC0233F1B1C0004C30D /* Fakestagram-Xcode10Tests */ = {
			isa = PBXNativeTarget;
			buildConfigurationList = 7701BECD233F1B1C0004C30D /* Build configuration list for PBXNativeTarget "Fakestagram-Xcode10Tests" */;
			buildPhases = (
				BD86E2F891F3DA76072214E6 /* [CP] Check Pods Manifest.lock */,
				7701BEBD233F1B1C0004C30D /* Sources */,
				7701BEBE233F1B1C0004C30D /* Frameworks */,
				7701BEBF233F1B1C0004C30D /* Resources */,
				33D4F6B0D251E8BDBF9F6AD1 /* [CP] Embed Pods Frameworks */,
			);
			buildRules = (
			);
			dependencies = (
				7701BEC3233F1B1C0004C30D /* PBXTargetDependency */,
			);
			name = "Fakestagram-Xcode10Tests";
			productName = "Fakestagram-Xcode10Tests";
			productReference = 7701BEC1233F1B1C0004C30D /* Fakestagram-Xcode10Tests.xctest */;
			productType = "com.apple.product-type.bundle.unit-test";
		};
/* End PBXNativeTarget section */

/* Begin PBXProject section */
		7701BEA5233F1B1B0004C30D /* Project object */ = {
			isa = PBXProject;
			attributes = {
				LastSwiftUpdateCheck = 1030;
				LastUpgradeCheck = 1030;
				ORGANIZATIONNAME = unam;
				TargetAttributes = {
					7701BEAC233F1B1B0004C30D = {
						CreatedOnToolsVersion = 10.3;
						LastSwiftMigration = 1030;
					};
					7701BEC0233F1B1C0004C30D = {
						CreatedOnToolsVersion = 10.3;
						TestTargetID = 7701BEAC233F1B1B0004C30D;
					};
				};
			};
			buildConfigurationList = 7701BEA8233F1B1B0004C30D /* Build configuration list for PBXProject "Fakestagram-Xcode10" */;
			compatibilityVersion = "Xcode 9.3";
			developmentRegion = en;
			hasScannedForEncodings = 0;
			knownRegions = (
				en,
				Base,
			);
			mainGroup = 7701BEA4233F1B1B0004C30D;
			productRefGroup = 7701BEAE233F1B1B0004C30D /* Products */;
			projectDirPath = "";
			projectRoot = "";
			targets = (
				7701BEAC233F1B1B0004C30D /* Fakestagram-Xcode10 */,
				7701BEC0233F1B1C0004C30D /* Fakestagram-Xcode10Tests */,
			);
		};
/* End PBXProject section */

/* Begin PBXResourcesBuildPhase section */
		7701BEAB233F1B1B0004C30D /* Resources */ = {
			isa = PBXResourcesBuildPhase;
			buildActionMask = 2147483647;
			files = (
				6C1DC82D23523BB9001E8065 /* ShowPostViewController.xib in Resources */,
				7701BEBB233F1B1C0004C30D /* LaunchScreen.storyboard in Resources */,
				7701BEB8233F1B1C0004C30D /* Assets.xcassets in Resources */,
				7701BEB6233F1B1B0004C30D /* Main.storyboard in Resources */,
				6C30732B235A83A40063C3C5 /* PostCollectionViewCell.xib in Resources */,
			);
			runOnlyForDeploymentPostprocessing = 0;
		};
		7701BEBF233F1B1C0004C30D /* Resources */ = {
			isa = PBXResourcesBuildPhase;
			buildActionMask = 2147483647;
			files = (
				6C1DC8242351679B001E8065 /* posts.successful.json in Resources */,
				6C1DC826235167A4001E8065 /* show_post.successful.json in Resources */,
			);
			runOnlyForDeploymentPostprocessing = 0;
		};
/* End PBXResourcesBuildPhase section */

/* Begin PBXShellScriptBuildPhase section */
		108B478EEA9893F17439FA36 /* [CP] Embed Pods Frameworks */ = {
			isa = PBXShellScriptBuildPhase;
			buildActionMask = 2147483647;
			files = (
			);
			inputFileListPaths = (
				"${PODS_ROOT}/Target Support Files/Pods-Fakestagram-Xcode10/Pods-Fakestagram-Xcode10-frameworks-${CONFIGURATION}-input-files.xcfilelist",
			);
			name = "[CP] Embed Pods Frameworks";
			outputFileListPaths = (
				"${PODS_ROOT}/Target Support Files/Pods-Fakestagram-Xcode10/Pods-Fakestagram-Xcode10-frameworks-${CONFIGURATION}-output-files.xcfilelist",
			);
			runOnlyForDeploymentPostprocessing = 0;
			shellPath = /bin/sh;
			shellScript = "\"${PODS_ROOT}/Target Support Files/Pods-Fakestagram-Xcode10/Pods-Fakestagram-Xcode10-frameworks.sh\"\n";
			showEnvVarsInLog = 0;
		};
		33D4F6B0D251E8BDBF9F6AD1 /* [CP] Embed Pods Frameworks */ = {
			isa = PBXShellScriptBuildPhase;
			buildActionMask = 2147483647;
			files = (
			);
			inputFileListPaths = (
				"${PODS_ROOT}/Target Support Files/Pods-Fakestagram-Xcode10Tests/Pods-Fakestagram-Xcode10Tests-frameworks-${CONFIGURATION}-input-files.xcfilelist",
			);
			name = "[CP] Embed Pods Frameworks";
			outputFileListPaths = (
				"${PODS_ROOT}/Target Support Files/Pods-Fakestagram-Xcode10Tests/Pods-Fakestagram-Xcode10Tests-frameworks-${CONFIGURATION}-output-files.xcfilelist",
			);
			runOnlyForDeploymentPostprocessing = 0;
			shellPath = /bin/sh;
			shellScript = "\"${PODS_ROOT}/Target Support Files/Pods-Fakestagram-Xcode10Tests/Pods-Fakestagram-Xcode10Tests-frameworks.sh\"\n";
			showEnvVarsInLog = 0;
		};
		BD86E2F891F3DA76072214E6 /* [CP] Check Pods Manifest.lock */ = {
			isa = PBXShellScriptBuildPhase;
			buildActionMask = 2147483647;
			files = (
			);
			inputFileListPaths = (
			);
			inputPaths = (
				"${PODS_PODFILE_DIR_PATH}/Podfile.lock",
				"${PODS_ROOT}/Manifest.lock",
			);
			name = "[CP] Check Pods Manifest.lock";
			outputFileListPaths = (
			);
			outputPaths = (
				"$(DERIVED_FILE_DIR)/Pods-Fakestagram-Xcode10Tests-checkManifestLockResult.txt",
			);
			runOnlyForDeploymentPostprocessing = 0;
			shellPath = /bin/sh;
			shellScript = "diff \"${PODS_PODFILE_DIR_PATH}/Podfile.lock\" \"${PODS_ROOT}/Manifest.lock\" > /dev/null\nif [ $? != 0 ] ; then\n    # print error to STDERR\n    echo \"error: The sandbox is not in sync with the Podfile.lock. Run 'pod install' or update your CocoaPods installation.\" >&2\n    exit 1\nfi\n# This output is used by Xcode 'outputs' to avoid re-running this script phase.\necho \"SUCCESS\" > \"${SCRIPT_OUTPUT_FILE_0}\"\n";
			showEnvVarsInLog = 0;
		};
		F25810F70127620E6FEE7713 /* [CP] Check Pods Manifest.lock */ = {
			isa = PBXShellScriptBuildPhase;
			buildActionMask = 2147483647;
			files = (
			);
			inputFileListPaths = (
			);
			inputPaths = (
				"${PODS_PODFILE_DIR_PATH}/Podfile.lock",
				"${PODS_ROOT}/Manifest.lock",
			);
			name = "[CP] Check Pods Manifest.lock";
			outputFileListPaths = (
			);
			outputPaths = (
				"$(DERIVED_FILE_DIR)/Pods-Fakestagram-Xcode10-checkManifestLockResult.txt",
			);
			runOnlyForDeploymentPostprocessing = 0;
			shellPath = /bin/sh;
			shellScript = "diff \"${PODS_PODFILE_DIR_PATH}/Podfile.lock\" \"${PODS_ROOT}/Manifest.lock\" > /dev/null\nif [ $? != 0 ] ; then\n    # print error to STDERR\n    echo \"error: The sandbox is not in sync with the Podfile.lock. Run 'pod install' or update your CocoaPods installation.\" >&2\n    exit 1\nfi\n# This output is used by Xcode 'outputs' to avoid re-running this script phase.\necho \"SUCCESS\" > \"${SCRIPT_OUTPUT_FILE_0}\"\n";
			showEnvVarsInLog = 0;
		};
/* End PBXShellScriptBuildPhase section */

/* Begin PBXSourcesBuildPhase section */
		7701BEA9233F1B1B0004C30D /* Sources */ = {
			isa = PBXSourcesBuildPhase;
			buildActionMask = 2147483647;
			files = (
				6C1DC813235165C4001E8065 /* StatusCode.swift in Sources */,
				6CB97272235B6B5D0052BDB2 /* CameraViewController.swift in Sources */,
				6C30732D235AA3730063C3C5 /* UIDevice+models.swift in Sources */,
				6C1DC81D2351666C001E8065 /* CodableSerializer.swift in Sources */,
				6C5F57952348203100488E96 /* Credentials.swift in Sources */,
				6C1DC82C23523BB9001E8065 /* ShowPostViewController.swift in Sources */,
				6C1151B123899CF40047F423 /* IndexService.swift in Sources */,
				6C5656592358DBB800460C1E /* Like.swift in Sources */,
				6C1DC80E2351656A001E8065 /* Post.swift in Sources */,
				6C1151B323899F090047F423 /* PreviewView.swift in Sources */,
				6C89EB1923772E6500CC903B /* CacheImage.swift in Sources */,
				7701BEB1233F1B1B0004C30D /* AppDelegate.swift in Sources */,
				6C1DC81723516603001E8065 /* RequestBuilder.swift in Sources */,
				6C89EB1B23772E8200CC903B /* DataContainer.swift in Sources */,
				6C1DC80C23516554001E8065 /* Account.swift in Sources */,
				6C5656552358DB9D00460C1E /* Author.swift in Sources */,
				6C1151B52389A2530047F423 /* NotificationKeys.swift in Sources */,
				6C1DC82F23524732001E8065 /* AuthorView.swift in Sources */,
				6C1151B82389A2940047F423 /* CheckSum.m in Sources */,
				6C307327235A78350063C3C5 /* PostsViewController.swift in Sources */,
				6C5656572358DBAB00460C1E /* Comment.swift in Sources */,
				6C89EB1F23772EEC00CC903B /* StorageType.swift in Sources */,
				6C30732A235A83A40063C3C5 /* PostCollectionViewCell.swift in Sources */,
				6C89EB1D23772EB700CC903B /* ImageStore.swift in Sources */,
				6C1DC815235165E8001E8065 /* HttpResponse.swift in Sources */,
				6C1DC811235165A8001E8065 /* Client.swift in Sources */,
				6C1DC81B23516649001E8065 /* RestClient.swift in Sources */,
				6C5F579A234827B200488E96 /* PostViewController.swift in Sources */,
				6C112495235B742900D8FAA4 /* UIImage+Base64.swift in Sources */,
				6CD0F05C23771FD000D5874B /* CreatePostService.swift in Sources */,
			);
			runOnlyForDeploymentPostprocessing = 0;
		};
		7701BEBD233F1B1C0004C30D /* Sources */ = {
			isa = PBXSourcesBuildPhase;
			buildActionMask = 2147483647;
			files = (
				7701BEC6233F1B1C0004C30D /* RequestBuilderTest.swift in Sources */,
				6C1DC82123516748001E8065 /* RestClientTest.swift in Sources */,
			);
			runOnlyForDeploymentPostprocessing = 0;
		};
/* End PBXSourcesBuildPhase section */

/* Begin PBXTargetDependency section */
		7701BEC3233F1B1C0004C30D /* PBXTargetDependency */ = {
			isa = PBXTargetDependency;
			target = 7701BEAC233F1B1B0004C30D /* Fakestagram-Xcode10 */;
			targetProxy = 7701BEC2233F1B1C0004C30D /* PBXContainerItemProxy */;
		};
/* End PBXTargetDependency section */

/* Begin PBXVariantGroup section */
		7701BEB4233F1B1B0004C30D /* Main.storyboard */ = {
			isa = PBXVariantGroup;
			children = (
				7701BEB5233F1B1B0004C30D /* Base */,
			);
			name = Main.storyboard;
			sourceTree = "<group>";
		};
		7701BEB9233F1B1C0004C30D /* LaunchScreen.storyboard */ = {
			isa = PBXVariantGroup;
			children = (
				7701BEBA233F1B1C0004C30D /* Base */,
			);
			name = LaunchScreen.storyboard;
			sourceTree = "<group>";
		};
/* End PBXVariantGroup section */

/* Begin XCBuildConfiguration section */
		7701BEC8233F1B1C0004C30D /* Debug */ = {
			isa = XCBuildConfiguration;
			buildSettings = {
				ALWAYS_SEARCH_USER_PATHS = NO;
				CLANG_ANALYZER_NONNULL = YES;
				CLANG_ANALYZER_NUMBER_OBJECT_CONVERSION = YES_AGGRESSIVE;
				CLANG_CXX_LANGUAGE_STANDARD = "gnu++14";
				CLANG_CXX_LIBRARY = "libc++";
				CLANG_ENABLE_MODULES = YES;
				CLANG_ENABLE_OBJC_ARC = YES;
				CLANG_ENABLE_OBJC_WEAK = YES;
				CLANG_WARN_BLOCK_CAPTURE_AUTORELEASING = YES;
				CLANG_WARN_BOOL_CONVERSION = YES;
				CLANG_WARN_COMMA = YES;
				CLANG_WARN_CONSTANT_CONVERSION = YES;
				CLANG_WARN_DEPRECATED_OBJC_IMPLEMENTATIONS = YES;
				CLANG_WARN_DIRECT_OBJC_ISA_USAGE = YES_ERROR;
				CLANG_WARN_DOCUMENTATION_COMMENTS = YES;
				CLANG_WARN_EMPTY_BODY = YES;
				CLANG_WARN_ENUM_CONVERSION = YES;
				CLANG_WARN_INFINITE_RECURSION = YES;
				CLANG_WARN_INT_CONVERSION = YES;
				CLANG_WARN_NON_LITERAL_NULL_CONVERSION = YES;
				CLANG_WARN_OBJC_IMPLICIT_RETAIN_SELF = YES;
				CLANG_WARN_OBJC_LITERAL_CONVERSION = YES;
				CLANG_WARN_OBJC_ROOT_CLASS = YES_ERROR;
				CLANG_WARN_RANGE_LOOP_ANALYSIS = YES;
				CLANG_WARN_STRICT_PROTOTYPES = YES;
				CLANG_WARN_SUSPICIOUS_MOVE = YES;
				CLANG_WARN_UNGUARDED_AVAILABILITY = YES_AGGRESSIVE;
				CLANG_WARN_UNREACHABLE_CODE = YES;
				CLANG_WARN__DUPLICATE_METHOD_MATCH = YES;
				CODE_SIGN_IDENTITY = "iPhone Developer";
				COPY_PHASE_STRIP = NO;
				DEBUG_INFORMATION_FORMAT = dwarf;
				ENABLE_STRICT_OBJC_MSGSEND = YES;
				ENABLE_TESTABILITY = YES;
				GCC_C_LANGUAGE_STANDARD = gnu11;
				GCC_DYNAMIC_NO_PIC = NO;
				GCC_NO_COMMON_BLOCKS = YES;
				GCC_OPTIMIZATION_LEVEL = 0;
				GCC_PREPROCESSOR_DEFINITIONS = (
					"DEBUG=1",
					"$(inherited)",
				);
				GCC_WARN_64_TO_32_BIT_CONVERSION = YES;
				GCC_WARN_ABOUT_RETURN_TYPE = YES_ERROR;
				GCC_WARN_UNDECLARED_SELECTOR = YES;
				GCC_WARN_UNINITIALIZED_AUTOS = YES_AGGRESSIVE;
				GCC_WARN_UNUSED_FUNCTION = YES;
				GCC_WARN_UNUSED_VARIABLE = YES;
				IPHONEOS_DEPLOYMENT_TARGET = 12.4;
				MTL_ENABLE_DEBUG_INFO = INCLUDE_SOURCE;
				MTL_FAST_MATH = YES;
				ONLY_ACTIVE_ARCH = YES;
				SDKROOT = iphoneos;
				SWIFT_ACTIVE_COMPILATION_CONDITIONS = DEBUG;
				SWIFT_OPTIMIZATION_LEVEL = "-Onone";
			};
			name = Debug;
		};
		7701BEC9233F1B1C0004C30D /* Release */ = {
			isa = XCBuildConfiguration;
			buildSettings = {
				ALWAYS_SEARCH_USER_PATHS = NO;
				CLANG_ANALYZER_NONNULL = YES;
				CLANG_ANALYZER_NUMBER_OBJECT_CONVERSION = YES_AGGRESSIVE;
				CLANG_CXX_LANGUAGE_STANDARD = "gnu++14";
				CLANG_CXX_LIBRARY = "libc++";
				CLANG_ENABLE_MODULES = YES;
				CLANG_ENABLE_OBJC_ARC = YES;
				CLANG_ENABLE_OBJC_WEAK = YES;
				CLANG_WARN_BLOCK_CAPTURE_AUTORELEASING = YES;
				CLANG_WARN_BOOL_CONVERSION = YES;
				CLANG_WARN_COMMA = YES;
				CLANG_WARN_CONSTANT_CONVERSION = YES;
				CLANG_WARN_DEPRECATED_OBJC_IMPLEMENTATIONS = YES;
				CLANG_WARN_DIRECT_OBJC_ISA_USAGE = YES_ERROR;
				CLANG_WARN_DOCUMENTATION_COMMENTS = YES;
				CLANG_WARN_EMPTY_BODY = YES;
				CLANG_WARN_ENUM_CONVERSION = YES;
				CLANG_WARN_INFINITE_RECURSION = YES;
				CLANG_WARN_INT_CONVERSION = YES;
				CLANG_WARN_NON_LITERAL_NULL_CONVERSION = YES;
				CLANG_WARN_OBJC_IMPLICIT_RETAIN_SELF = YES;
				CLANG_WARN_OBJC_LITERAL_CONVERSION = YES;
				CLANG_WARN_OBJC_ROOT_CLASS = YES_ERROR;
				CLANG_WARN_RANGE_LOOP_ANALYSIS = YES;
				CLANG_WARN_STRICT_PROTOTYPES = YES;
				CLANG_WARN_SUSPICIOUS_MOVE = YES;
				CLANG_WARN_UNGUARDED_AVAILABILITY = YES_AGGRESSIVE;
				CLANG_WARN_UNREACHABLE_CODE = YES;
				CLANG_WARN__DUPLICATE_METHOD_MATCH = YES;
				CODE_SIGN_IDENTITY = "iPhone Developer";
				COPY_PHASE_STRIP = NO;
				DEBUG_INFORMATION_FORMAT = "dwarf-with-dsym";
				ENABLE_NS_ASSERTIONS = NO;
				ENABLE_STRICT_OBJC_MSGSEND = YES;
				GCC_C_LANGUAGE_STANDARD = gnu11;
				GCC_NO_COMMON_BLOCKS = YES;
				GCC_WARN_64_TO_32_BIT_CONVERSION = YES;
				GCC_WARN_ABOUT_RETURN_TYPE = YES_ERROR;
				GCC_WARN_UNDECLARED_SELECTOR = YES;
				GCC_WARN_UNINITIALIZED_AUTOS = YES_AGGRESSIVE;
				GCC_WARN_UNUSED_FUNCTION = YES;
				GCC_WARN_UNUSED_VARIABLE = YES;
				IPHONEOS_DEPLOYMENT_TARGET = 12.4;
				MTL_ENABLE_DEBUG_INFO = NO;
				MTL_FAST_MATH = YES;
				SDKROOT = iphoneos;
				SWIFT_COMPILATION_MODE = wholemodule;
				SWIFT_OPTIMIZATION_LEVEL = "-O";
				VALIDATE_PRODUCT = YES;
			};
			name = Release;
		};
		7701BECB233F1B1C0004C30D /* Debug */ = {
			isa = XCBuildConfiguration;
			baseConfigurationReference = 46A679CEAFBC334DF6FC73B9 /* Pods-Fakestagram-Xcode10.debug.xcconfig */;
			buildSettings = {
				ASSETCATALOG_COMPILER_APPICON_NAME = AppIcon;
				CLANG_ENABLE_MODULES = YES;
				CODE_SIGN_STYLE = Automatic;
				DEVELOPMENT_TEAM = 6FC73M3GHS;
				INFOPLIST_FILE = "Fakestagram-Xcode10/Info.plist";
				LD_RUNPATH_SEARCH_PATHS = (
					"$(inherited)",
					"@executable_path/Frameworks",
				);
				PRODUCT_BUNDLE_IDENTIFIER = "com.Fakestagram-Xcode10";
				PRODUCT_NAME = "$(TARGET_NAME)";
				SWIFT_OBJC_BRIDGING_HEADER = "Fakestagram-Xcode10/Fakestagram-Xcode10-Bridging-Header.h";
				SWIFT_OPTIMIZATION_LEVEL = "-Onone";
				SWIFT_VERSION = 5.0;
				TARGETED_DEVICE_FAMILY = "1,2";
			};
			name = Debug;
		};
		7701BECC233F1B1C0004C30D /* Release */ = {
			isa = XCBuildConfiguration;
			baseConfigurationReference = D65BF6830E7358A7FE742F2E /* Pods-Fakestagram-Xcode10.release.xcconfig */;
			buildSettings = {
				ASSETCATALOG_COMPILER_APPICON_NAME = AppIcon;
				CLANG_ENABLE_MODULES = YES;
				CODE_SIGN_STYLE = Automatic;
				DEVELOPMENT_TEAM = 6FC73M3GHS;
				INFOPLIST_FILE = "Fakestagram-Xcode10/Info.plist";
				LD_RUNPATH_SEARCH_PATHS = (
					"$(inherited)",
					"@executable_path/Frameworks",
				);
				PRODUCT_BUNDLE_IDENTIFIER = "com.Fakestagram-Xcode10";
				PRODUCT_NAME = "$(TARGET_NAME)";
				SWIFT_OBJC_BRIDGING_HEADER = "Fakestagram-Xcode10/Fakestagram-Xcode10-Bridging-Header.h";
				SWIFT_VERSION = 5.0;
				TARGETED_DEVICE_FAMILY = "1,2";
			};
			name = Release;
		};
		7701BECE233F1B1C0004C30D /* Debug */ = {
			isa = XCBuildConfiguration;
			baseConfigurationReference = DDB3C91F541254DDBC4C4837 /* Pods-Fakestagram-Xcode10Tests.debug.xcconfig */;
			buildSettings = {
				ALWAYS_EMBED_SWIFT_STANDARD_LIBRARIES = YES;
				BUNDLE_LOADER = "$(TEST_HOST)";
				CODE_SIGN_STYLE = Automatic;
				DEVELOPMENT_TEAM = F2BL68NTA5;
				INFOPLIST_FILE = "Fakestagram-Xcode10Tests/Info.plist";
				LD_RUNPATH_SEARCH_PATHS = (
					"$(inherited)",
					"@executable_path/Frameworks",
					"@loader_path/Frameworks",
				);
				PRODUCT_BUNDLE_IDENTIFIER = "unam.Fakestagram-Xcode10Tests";
				PRODUCT_NAME = "$(TARGET_NAME)";
				SWIFT_VERSION = 5.0;
				TARGETED_DEVICE_FAMILY = "1,2";
				TEST_HOST = "$(BUILT_PRODUCTS_DIR)/Fakestagram-Xcode10.app/Fakestagram-Xcode10";
			};
			name = Debug;
		};
		7701BECF233F1B1C0004C30D /* Release */ = {
			isa = XCBuildConfiguration;
			baseConfigurationReference = 82459500856F6D726FFB5B8E /* Pods-Fakestagram-Xcode10Tests.release.xcconfig */;
			buildSettings = {
				ALWAYS_EMBED_SWIFT_STANDARD_LIBRARIES = YES;
				BUNDLE_LOADER = "$(TEST_HOST)";
				CODE_SIGN_STYLE = Automatic;
				DEVELOPMENT_TEAM = F2BL68NTA5;
				INFOPLIST_FILE = "Fakestagram-Xcode10Tests/Info.plist";
				LD_RUNPATH_SEARCH_PATHS = (
					"$(inherited)",
					"@executable_path/Frameworks",
					"@loader_path/Frameworks",
				);
				PRODUCT_BUNDLE_IDENTIFIER = "unam.Fakestagram-Xcode10Tests";
				PRODUCT_NAME = "$(TARGET_NAME)";
				SWIFT_VERSION = 5.0;
				TARGETED_DEVICE_FAMILY = "1,2";
				TEST_HOST = "$(BUILT_PRODUCTS_DIR)/Fakestagram-Xcode10.app/Fakestagram-Xcode10";
			};
			name = Release;
		};
/* End XCBuildConfiguration section */

/* Begin XCConfigurationList section */
		7701BEA8233F1B1B0004C30D /* Build configuration list for PBXProject "Fakestagram-Xcode10" */ = {
			isa = XCConfigurationList;
			buildConfigurations = (
				7701BEC8233F1B1C0004C30D /* Debug */,
				7701BEC9233F1B1C0004C30D /* Release */,
			);
			defaultConfigurationIsVisible = 0;
			defaultConfigurationName = Release;
		};
		7701BECA233F1B1C0004C30D /* Build configuration list for PBXNativeTarget "Fakestagram-Xcode10" */ = {
			isa = XCConfigurationList;
			buildConfigurations = (
				7701BECB233F1B1C0004C30D /* Debug */,
				7701BECC233F1B1C0004C30D /* Release */,
			);
			defaultConfigurationIsVisible = 0;
			defaultConfigurationName = Release;
		};
		7701BECD233F1B1C0004C30D /* Build configuration list for PBXNativeTarget "Fakestagram-Xcode10Tests" */ = {
			isa = XCConfigurationList;
			buildConfigurations = (
				7701BECE233F1B1C0004C30D /* Debug */,
				7701BECF233F1B1C0004C30D /* Release */,
			);
			defaultConfigurationIsVisible = 0;
			defaultConfigurationName = Release;
		};
/* End XCConfigurationList section */
	};
	rootObject = 7701BEA5233F1B1B0004C30D /* Project object */;
}
